[[package]]
name = "asgiref"
version = "3.3.1"
description = "ASGI specs, helper code, and adapters"
category = "main"
optional = false
python-versions = ">=3.5"

[package.extras]
tests = ["pytest", "pytest-asyncio"]

[[package]]
name = "beautifulsoup4"
version = "4.9.3"
description = "Screen-scraping library"
category = "main"
optional = false
python-versions = "*"

[package.extras]
html5lib = ["html5lib"]
lxml = ["lxml"]

[package.dependencies]
[package.dependencies.soupsieve]
version = ">1.2"
python = ">=3.0"

[[package]]
name = "bleach"
version = "3.2.3"
description = "An easy safelist-based HTML-sanitizing tool."
category = "main"
optional = false
python-versions = ">=2.7, !=3.0.*, !=3.1.*, !=3.2.*, !=3.3.*, !=3.4.*"

[package.dependencies]
packaging = "*"
six = ">=1.9.0"
webencodings = "*"

[[package]]
name = "django"
version = "3.1.5"
description = "A high-level Python Web framework that encourages rapid development and clean, pragmatic design."
category = "main"
optional = false
python-versions = ">=3.6"

[package.extras]
argon2 = ["argon2-cffi (>=16.1.0)"]
bcrypt = ["bcrypt"]

[package.dependencies]
asgiref = ">=3.2.10,<4"
pytz = "*"
sqlparse = ">=0.2.2"

[[package]]
name = "django-appconf"
version = "1.0.4"
description = "A helper class for handling configuration defaults of packaged apps gracefully."
category = "main"
optional = false
python-versions = "*"

[package.dependencies]
django = "*"

[[package]]
name = "django-bootstrap4"
version = "2.3.1"
description = "Bootstrap support for Django projects"
category = "main"
optional = false
python-versions = ">=3.6,<4.0"

[package.extras]
docs = ["sphinx (>=2.4,<3.0)", "sphinx_rtd_theme (>=0.4.3,<0.5.0)", "m2r2 (>=0.2.5,<0.3.0)"]

[package.dependencies]
beautifulsoup4 = ">=4.8.0,<5.0.0"
django = ">=2.2,<4.0"

[[package]]
name = "django-compressor"
version = "2.4"
description = "Compresses linked and inline JavaScript or CSS into single cached files."
category = "main"
optional = false
python-versions = "*"

[package.dependencies]
django-appconf = ">=1.0.3"
rcssmin = "1.0.6"
rjsmin = "1.1.0"
six = ">=1.12.0"

[[package]]
name = "django-csp"
version = "3.7"
description = "Django Content Security Policy support."
category = "main"
optional = false
python-versions = "*"

[package.extras]
jinja2 = ["jinja2 (>=2.9.6)"]
tests = ["pytest (<4.0)", "pytest-django", "pytest-flakes (1.0.1)", "pytest-pep8 (1.0.6)", "pep8 (1.4.6)", "mock (1.0.1)", "six (1.12.0)", "jinja2 (>=2.9.6)"]

[package.dependencies]
Django = ">=1.8"

[[package]]
name = "django-environ"
version = "0.4.5"
description = "Django-environ allows you to utilize 12factor inspired environment variables to configure your Django application."
category = "main"
optional = false
python-versions = "*"

[[package]]
name = "django-formset-js-improved"
version = "0.5.0.2"
description = "Extend Django formsets with JavaScript"
category = "main"
optional = false
python-versions = "*"

[package.dependencies]
Django = "*"
django-jquery-js = "*"

[[package]]
name = "django-guardian"
version = "2.3.0"
description = "Implementation of per object permissions for Django."
category = "main"
optional = false
python-versions = ">=3.5"

[package.dependencies]
Django = ">=2.2"

[[package]]
name = "django-ical"
version = "1.7.1"
description = "iCal feeds for Django based on Django's syndication feed framework."
category = "main"
optional = false
python-versions = "*"

[package.dependencies]
Django = ">=1.11"
django-recurrence = ">=1.10.0"
icalendar = ">=4.0.3"

[[package]]
name = "django-jquery-js"
version = "3.1.1"
description = "jQuery, bundled up so apps can depend upon it"
category = "main"
optional = false
python-versions = "*"

[package.dependencies]
Django = ">=1.4"

[[package]]
name = "django-polymorphic"
version = "3.0.0"
description = "Seamless polymorphic inheritance for Django models"
category = "main"
optional = false
python-versions = "*"

[package.dependencies]
Django = ">=2.1"

[[package]]
name = "django-recurrence"
version = "1.10.3"
description = "Django utility wrapping dateutil.rrule"
category = "main"
optional = false
python-versions = "*"

[package.dependencies]
Django = "*"
python-dateutil = "*"
pytz = "*"

[[package]]
name = "django-select2"
version = "7.6.1"
description = "Select2 option fields for Django"
category = "main"
optional = false
python-versions = "*"

[package.extras]
test = ["pytest", "pytest-cov", "pytest-django", "selenium"]

[package.dependencies]
django = ">=2.2"
django-appconf = ">=0.6.0"

[[package]]
name = "django-statici18n"
version = "2.0.1"
description = "A Django app that provides helper for generating Javascript catalog to static files."
category = "main"
optional = false
python-versions = "*"

[package.dependencies]
Django = ">=2.2"
django-appconf = ">=1.0"

[[package]]
name = "ephios"
version = "0.2.2"
description = "ephios is a tool to manage shifts for medical services."
category = "main"
optional = false
python-versions = ">=3.8,<4.0"

[package.extras]
pgsql = ["psycopg2 (>=2.8.6,<3.0.0)"]
mysql = ["mysqlclient (>=2.0.1,<3.0.0)"]

[package.dependencies]
bleach = ">=3.2.1,<4.0.0"
django = ">=3.1,<4.0"
django-bootstrap4 = ">=2.2.0,<3.0.0"
django-compressor = ">=2.4,<3.0"
django-csp = ">=3.7,<4.0"
django-environ = ">=0.4.5,<0.5.0"
django-formset-js-improved = ">=0.5.0,<0.6.0"
django-guardian = ">=2.3.0,<3.0.0"
django-ical = ">=1.7.1,<2.0.0"
django-polymorphic = ">=3.0.0,<4.0.0"
django-select2 = ">=7.4.2,<8.0.0"
django-statici18n = ">=2.0.1,<3.0.0"
markdown = ">=3.2.2,<4.0.0"
reportlab = ">=3.5.51,<4.0.0"

[[package]]
name = "icalendar"
version = "4.0.7"
description = "iCalendar parser/generator"
category = "main"
optional = false
python-versions = ">=2.7, !=3.0.*, !=3.1.*, !=3.2.*, !=3.3.*"

[package.dependencies]
python-dateutil = "*"
pytz = "*"

[[package]]
name = "markdown"
version = "3.3.3"
description = "Python implementation of Markdown."
category = "main"
optional = false
python-versions = ">=3.6"

[package.extras]
testing = ["coverage", "pyyaml"]

[[package]]
name = "packaging"
version = "20.8"
description = "Core utilities for Python packages"
category = "main"
optional = false
python-versions = ">=2.7, !=3.0.*, !=3.1.*, !=3.2.*, !=3.3.*"

[package.dependencies]
pyparsing = ">=2.0.2"

[[package]]
name = "pillow"
version = "8.1.0"
description = "Python Imaging Library (Fork)"
category = "main"
optional = false
python-versions = ">=3.6"

[[package]]
name = "pyparsing"
version = "2.4.7"
description = "Python parsing module"
category = "main"
optional = false
python-versions = ">=2.6, !=3.0.*, !=3.1.*, !=3.2.*"

[[package]]
name = "python-dateutil"
version = "2.8.1"
description = "Extensions to the standard Python datetime module"
category = "main"
optional = false
python-versions = "!=3.0.*,!=3.1.*,!=3.2.*,>=2.7"

[package.dependencies]
six = ">=1.5"

[[package]]
name = "pytz"
version = "2020.5"
description = "World timezone definitions, modern and historical"
category = "main"
optional = false
python-versions = "*"

[[package]]
name = "rcssmin"
version = "1.0.6"
description = "CSS Minifier"
category = "main"
optional = false
python-versions = "*"

[[package]]
name = "reportlab"
version = "3.5.59"
description = "The Reportlab Toolkit"
category = "main"
optional = false
python-versions = "*"

[package.dependencies]
pillow = ">=4.0.0"

[[package]]
name = "rjsmin"
version = "1.1.0"
description = "Javascript Minifier"
category = "main"
optional = false
python-versions = "*"

[[package]]
name = "six"
version = "1.15.0"
description = "Python 2 and 3 compatibility utilities"
category = "main"
optional = false
python-versions = ">=2.7, !=3.0.*, !=3.1.*, !=3.2.*"

[[package]]
name = "soupsieve"
version = "2.1"
description = "A modern CSS selector implementation for Beautiful Soup."
category = "main"
optional = false
python-versions = ">=3.5"
marker = "python_version >= \"3.0\""

[[package]]
name = "sqlparse"
version = "0.4.1"
description = "A non-validating SQL parser."
category = "main"
optional = false
python-versions = ">=3.5"

[[package]]
name = "webencodings"
version = "0.5.1"
description = "Character encoding aliases for legacy web content"
category = "main"
optional = false
python-versions = "*"

[metadata]
lock-version = "1.0"
python-versions = "^3.8"
content-hash = "8dd04c5c60d2709c48c18dc4f84e3c2e4a0c577fef0a4b02ae81067965b9412c"

[metadata.files]
asgiref = [
    {file = "asgiref-3.3.1-py3-none-any.whl", hash = "sha256:5ee950735509d04eb673bd7f7120f8fa1c9e2df495394992c73234d526907e17"},
    {file = "asgiref-3.3.1.tar.gz", hash = "sha256:7162a3cb30ab0609f1a4c95938fd73e8604f63bdba516a7f7d64b83ff09478f0"},
]
beautifulsoup4 = [
    {file = "beautifulsoup4-4.9.3-py2-none-any.whl", hash = "sha256:4c98143716ef1cb40bf7f39a8e3eec8f8b009509e74904ba3a7b315431577e35"},
    {file = "beautifulsoup4-4.9.3-py3-none-any.whl", hash = "sha256:fff47e031e34ec82bf17e00da8f592fe7de69aeea38be00523c04623c04fb666"},
    {file = "beautifulsoup4-4.9.3.tar.gz", hash = "sha256:84729e322ad1d5b4d25f805bfa05b902dd96450f43842c4e99067d5e1369eb25"},
]
bleach = [
    {file = "bleach-3.2.3-py2.py3-none-any.whl", hash = "sha256:2d3b3f7e7d69148bb683b26a3f21eabcf62fa8fb7bc75d0e7a13bcecd9568d4d"},
    {file = "bleach-3.2.3.tar.gz", hash = "sha256:c6ad42174219b64848e2e2cd434e44f56cd24a93a9b4f8bc52cfed55a1cd5aad"},
]
django = [
    {file = "Django-3.1.5-py3-none-any.whl", hash = "sha256:efa2ab96b33b20c2182db93147a0c3cd7769d418926f9e9f140a60dca7c64ca9"},
    {file = "Django-3.1.5.tar.gz", hash = "sha256:2d78425ba74c7a1a74b196058b261b9733a8570782f4e2828974777ccca7edf7"},
]
django-appconf = [
    {file = "django-appconf-1.0.4.tar.gz", hash = "sha256:be58deb54a43d77d2e1621fe59f787681376d3cd0b8bd8e4758ef6c3a6453380"},
    {file = "django_appconf-1.0.4-py2.py3-none-any.whl", hash = "sha256:1b1d0e1069c843ebe8ae5aa48ec52403b1440402b320c3e3a206a0907e97bb06"},
]
django-bootstrap4 = [
    {file = "django-bootstrap4-2.3.1.tar.gz", hash = "sha256:2c199020ac38866cdf8d1c5561ce7468116b9685b455a29843c0225ef8568879"},
    {file = "django_bootstrap4-2.3.1-py3-none-any.whl", hash = "sha256:b68f073b647b20ec7894a252a0ca4e06b7b8dafdbad995cb0cdc783d0bb4629d"},
]
django-compressor = [
    {file = "django_compressor-2.4-py2.py3-none-any.whl", hash = "sha256:57ac0a696d061e5fc6fbc55381d2050f353b973fb97eee5593f39247bc0f30af"},
    {file = "django_compressor-2.4.tar.gz", hash = "sha256:d2ed1c6137ddaac5536233ec0a819e14009553fee0a869bea65d03e5285ba74f"},
]
django-csp = [
    {file = "django_csp-3.7-py2.py3-none-any.whl", hash = "sha256:01443a07723f9a479d498bd7bb63571aaa771e690f64bde515db6cdb76e8041a"},
    {file = "django_csp-3.7.tar.gz", hash = "sha256:01eda02ad3f10261c74131cdc0b5a6a62b7c7ad4fd017fbefb7a14776e0a9727"},
]
django-environ = [
    {file = "django-environ-0.4.5.tar.gz", hash = "sha256:6c9d87660142608f63ec7d5ce5564c49b603ea8ff25da595fd6098f6dc82afde"},
    {file = "django_environ-0.4.5-py2.py3-none-any.whl", hash = "sha256:c57b3c11ec1f319d9474e3e5a79134f40174b17c7cc024bbb2fad84646b120c4"},
]
django-formset-js-improved = [
    {file = "django-formset-js-improved-0.5.0.2.tar.gz", hash = "sha256:251649ca389144728359b57d5845c601b3420fdafa2e4634668de614e14953ce"},
]
django-guardian = [
    {file = "django-guardian-2.3.0.tar.gz", hash = "sha256:ed2de26e4defb800919c5749fb1bbe370d72829fbd72895b6cf4f7f1a7607e1b"},
    {file = "django_guardian-2.3.0-py3-none-any.whl", hash = "sha256:0e70706c6cda88ddaf8849bddb525b8df49de05ba0798d4b3506049f0d95cbc8"},
]
django-ical = [
    {file = "django-ical-1.7.1.tar.gz", hash = "sha256:645344dda9611ca77dc3609f53b6e751bd89cc7d01f77adf1fd72838992b5579"},
    {file = "django_ical-1.7.1-py2.py3-none-any.whl", hash = "sha256:42bb51020f935342fe78f0202346a0775777811a4bdbc1c9c32bb8ec068d2f95"},
]
django-jquery-js = [
    {file = "django-jquery-js-3.1.1.tar.gz", hash = "sha256:308e6472801f89be7c02fa3d06bea6470cfbcab8287db80c64b1093717b8eea9"},
]
django-polymorphic = [
    {file = "django-polymorphic-3.0.0.tar.gz", hash = "sha256:9d886f19f031d26bb1391c055ed9be06fb226a04a4cec1842b372c58873b3caa"},
    {file = "django_polymorphic-3.0.0-py2.py3-none-any.whl", hash = "sha256:73b75eb44ea302bd32820f8661e469509d245ce7f7ff09cd2ad149e5c42034ff"},
]
django-recurrence = [
    {file = "django-recurrence-1.10.3.tar.gz", hash = "sha256:715f681f6af029ff3a8d73c7b1460abd8cbc5d5a5001efcb127032e84d9cb963"},
    {file = "django_recurrence-1.10.3-py3-none-any.whl", hash = "sha256:9053b44b78b7fbfe3530673edfdd6d2f562105f8a192bc6a4b906a3df4f95f59"},
]
django-select2 = [
    {file = "django-select2-7.6.1.tar.gz", hash = "sha256:25362c5bafe082a19add598fb0a69e3239b94759691a0ac8e01ab7fba8e650ad"},
    {file = "django_select2-7.6.1-py2.py3-none-any.whl", hash = "sha256:dc6b6fa737b6ea0b673e27c218955dd51a3fb81b2b28af93ce87703b24f4faf8"},
]
django-statici18n = [
    {file = "django-statici18n-2.0.1.tar.gz", hash = "sha256:57a343aa907cd1f1d284c9697f7f2906318b39a3e9bb3af08a562df973741c33"},
    {file = "django_statici18n-2.0.1-py2.py3-none-any.whl", hash = "sha256:dfa75d119ada7ab27b0f479a3f029cde476071b733fe9a89d270b7a890a2355d"},
]
ephios = [
    {file = "ephios-0.2.2-py3-none-any.whl", hash = "sha256:05f271362a2812b40e21cf144288d200672d562f56a3e87f05d5a632a8be1a9f"},
    {file = "ephios-0.2.2.tar.gz", hash = "sha256:d0ca337872e17a849d599e9978feb4596af24f308c651ea94d16a176e5847546"},
]
icalendar = [
    {file = "icalendar-4.0.7-py2.py3-none-any.whl", hash = "sha256:8c35be16c1d0581a276002af883297aeffa8116e366fdce4d5318e1424aa1903"},
    {file = "icalendar-4.0.7.tar.gz", hash = "sha256:0fc18d87f66e0b5da84fa731389496cfe18e4c21304e8f6713556b2e8724a7a4"},
]
markdown = [
    {file = "Markdown-3.3.3-py3-none-any.whl", hash = "sha256:c109c15b7dc20a9ac454c9e6025927d44460b85bd039da028d85e2b6d0bcc328"},
    {file = "Markdown-3.3.3.tar.gz", hash = "sha256:5d9f2b5ca24bc4c7a390d22323ca4bad200368612b5aaa7796babf971d2b2f18"},
]
packaging = [
    {file = "packaging-20.8-py2.py3-none-any.whl", hash = "sha256:24e0da08660a87484d1602c30bb4902d74816b6985b93de36926f5bc95741858"},
    {file = "packaging-20.8.tar.gz", hash = "sha256:78598185a7008a470d64526a8059de9aaa449238f280fc9eb6b13ba6c4109093"},
]
pillow = [
    {file = "Pillow-8.1.0-cp36-cp36m-macosx_10_10_x86_64.whl", hash = "sha256:d355502dce85ade85a2511b40b4c61a128902f246504f7de29bbeec1ae27933a"},
    {file = "Pillow-8.1.0-cp36-cp36m-manylinux1_i686.whl", hash = "sha256:93a473b53cc6e0b3ce6bf51b1b95b7b1e7e6084be3a07e40f79b42e83503fbf2"},
    {file = "Pillow-8.1.0-cp36-cp36m-manylinux1_x86_64.whl", hash = "sha256:2353834b2c49b95e1313fb34edf18fca4d57446675d05298bb694bca4b194174"},
    {file = "Pillow-8.1.0-cp36-cp36m-manylinux2014_aarch64.whl", hash = "sha256:1d208e670abfeb41b6143537a681299ef86e92d2a3dac299d3cd6830d5c7bded"},
    {file = "Pillow-8.1.0-cp36-cp36m-win32.whl", hash = "sha256:dd9eef866c70d2cbbea1ae58134eaffda0d4bfea403025f4db6859724b18ab3d"},
    {file = "Pillow-8.1.0-cp36-cp36m-win_amd64.whl", hash = "sha256:b09e10ec453de97f9a23a5aa5e30b334195e8d2ddd1ce76cc32e52ba63c8b31d"},
    {file = "Pillow-8.1.0-cp37-cp37m-macosx_10_10_x86_64.whl", hash = "sha256:b02a0b9f332086657852b1f7cb380f6a42403a6d9c42a4c34a561aa4530d5234"},
    {file = "Pillow-8.1.0-cp37-cp37m-manylinux1_i686.whl", hash = "sha256:ca20739e303254287138234485579b28cb0d524401f83d5129b5ff9d606cb0a8"},
    {file = "Pillow-8.1.0-cp37-cp37m-manylinux1_x86_64.whl", hash = "sha256:604815c55fd92e735f9738f65dabf4edc3e79f88541c221d292faec1904a4b17"},
    {file = "Pillow-8.1.0-cp37-cp37m-manylinux2014_aarch64.whl", hash = "sha256:cf6e33d92b1526190a1de904df21663c46a456758c0424e4f947ae9aa6088bf7"},
    {file = "Pillow-8.1.0-cp37-cp37m-win32.whl", hash = "sha256:47c0d93ee9c8b181f353dbead6530b26980fe4f5485aa18be8f1fd3c3cbc685e"},
    {file = "Pillow-8.1.0-cp37-cp37m-win_amd64.whl", hash = "sha256:96d4dc103d1a0fa6d47c6c55a47de5f5dafd5ef0114fa10c85a1fd8e0216284b"},
    {file = "Pillow-8.1.0-cp38-cp38-macosx_10_10_x86_64.whl", hash = "sha256:7916cbc94f1c6b1301ac04510d0881b9e9feb20ae34094d3615a8a7c3db0dcc0"},
    {file = "Pillow-8.1.0-cp38-cp38-manylinux1_i686.whl", hash = "sha256:3de6b2ee4f78c6b3d89d184ade5d8fa68af0848f9b6b6da2b9ab7943ec46971a"},
    {file = "Pillow-8.1.0-cp38-cp38-manylinux1_x86_64.whl", hash = "sha256:cdbbe7dff4a677fb555a54f9bc0450f2a21a93c5ba2b44e09e54fcb72d2bd13d"},
    {file = "Pillow-8.1.0-cp38-cp38-manylinux2014_aarch64.whl", hash = "sha256:f50e7a98b0453f39000619d845be8b06e611e56ee6e8186f7f60c3b1e2f0feae"},
    {file = "Pillow-8.1.0-cp38-cp38-win32.whl", hash = "sha256:cb192176b477d49b0a327b2a5a4979552b7a58cd42037034316b8018ac3ebb59"},
    {file = "Pillow-8.1.0-cp38-cp38-win_amd64.whl", hash = "sha256:6c5275bd82711cd3dcd0af8ce0bb99113ae8911fc2952805f1d012de7d600a4c"},
    {file = "Pillow-8.1.0-cp39-cp39-macosx_10_10_x86_64.whl", hash = "sha256:165c88bc9d8dba670110c689e3cc5c71dbe4bfb984ffa7cbebf1fac9554071d6"},
    {file = "Pillow-8.1.0-cp39-cp39-manylinux1_i686.whl", hash = "sha256:5e2fe3bb2363b862671eba632537cd3a823847db4d98be95690b7e382f3d6378"},
    {file = "Pillow-8.1.0-cp39-cp39-manylinux1_x86_64.whl", hash = "sha256:7612520e5e1a371d77e1d1ca3a3ee6227eef00d0a9cddb4ef7ecb0b7396eddf7"},
    {file = "Pillow-8.1.0-cp39-cp39-manylinux2014_aarch64.whl", hash = "sha256:d673c4990acd016229a5c1c4ee8a9e6d8f481b27ade5fc3d95938697fa443ce0"},
    {file = "Pillow-8.1.0-cp39-cp39-win32.whl", hash = "sha256:dc577f4cfdda354db3ae37a572428a90ffdbe4e51eda7849bf442fb803f09c9b"},
    {file = "Pillow-8.1.0-cp39-cp39-win_amd64.whl", hash = "sha256:22d070ca2e60c99929ef274cfced04294d2368193e935c5d6febfd8b601bf865"},
    {file = "Pillow-8.1.0-pp36-pypy36_pp73-macosx_10_10_x86_64.whl", hash = "sha256:a3d3e086474ef12ef13d42e5f9b7bbf09d39cf6bd4940f982263d6954b13f6a9"},
    {file = "Pillow-8.1.0-pp36-pypy36_pp73-manylinux2010_i686.whl", hash = "sha256:731ca5aabe9085160cf68b2dbef95fc1991015bc0a3a6ea46a371ab88f3d0913"},
    {file = "Pillow-8.1.0-pp36-pypy36_pp73-manylinux2010_x86_64.whl", hash = "sha256:bba80df38cfc17f490ec651c73bb37cd896bc2400cfba27d078c2135223c1206"},
    {file = "Pillow-8.1.0-pp37-pypy37_pp73-macosx_10_10_x86_64.whl", hash = "sha256:c3d911614b008e8a576b8e5303e3db29224b455d3d66d1b2848ba6ca83f9ece9"},
    {file = "Pillow-8.1.0-pp37-pypy37_pp73-manylinux2010_i686.whl", hash = "sha256:39725acf2d2e9c17356e6835dccebe7a697db55f25a09207e38b835d5e1bc032"},
    {file = "Pillow-8.1.0-pp37-pypy37_pp73-manylinux2010_x86_64.whl", hash = "sha256:81c3fa9a75d9f1afafdb916d5995633f319db09bd773cb56b8e39f1e98d90820"},
    {file = "Pillow-8.1.0-pp37-pypy37_pp73-win32.whl", hash = "sha256:b6f00ad5ebe846cc91763b1d0c6d30a8042e02b2316e27b05de04fa6ec831ec5"},
    {file = "Pillow-8.1.0.tar.gz", hash = "sha256:887668e792b7edbfb1d3c9d8b5d8c859269a0f0eba4dda562adb95500f60dbba"},
]
pyparsing = [
    {file = "pyparsing-2.4.7-py2.py3-none-any.whl", hash = "sha256:ef9d7589ef3c200abe66653d3f1ab1033c3c419ae9b9bdb1240a85b024efc88b"},
    {file = "pyparsing-2.4.7.tar.gz", hash = "sha256:c203ec8783bf771a155b207279b9bccb8dea02d8f0c9e5f8ead507bc3246ecc1"},
]
python-dateutil = [
    {file = "python-dateutil-2.8.1.tar.gz", hash = "sha256:73ebfe9dbf22e832286dafa60473e4cd239f8592f699aa5adaf10050e6e1823c"},
    {file = "python_dateutil-2.8.1-py2.py3-none-any.whl", hash = "sha256:75bb3f31ea686f1197762692a9ee6a7550b59fc6ca3a1f4b5d7e32fb98e2da2a"},
]
pytz = [
    {file = "pytz-2020.5-py2.py3-none-any.whl", hash = "sha256:16962c5fb8db4a8f63a26646d8886e9d769b6c511543557bc84e9569fb9a9cb4"},
    {file = "pytz-2020.5.tar.gz", hash = "sha256:180befebb1927b16f6b57101720075a984c019ac16b1b7575673bea42c6c3da5"},
]
rcssmin = [
    {file = "rcssmin-1.0.6.tar.gz", hash = "sha256:ca87b695d3d7864157773a61263e5abb96006e9ff0e021eff90cbe0e1ba18270"},
]
reportlab = [
    {file = "reportlab-3.5.59-cp27-cp27m-macosx_10_10_x86_64.whl", hash = "sha256:1da3d7a35f918cee905facfa94bd00ae6091cadc06dca1b0b31b69ae02d41d1d"},
    {file = "reportlab-3.5.59-cp27-cp27m-manylinux1_i686.whl", hash = "sha256:792efba0c0c6e4ee94f6dc95f305451733ee9230a1c7d51cb8e5301a549e0dfb"},
    {file = "reportlab-3.5.59-cp27-cp27m-manylinux1_x86_64.whl", hash = "sha256:f3d4a1a273dc141e03b72a553c11bc14dd7a27ec7654a071edcf83eb04f004bc"},
    {file = "reportlab-3.5.59-cp27-cp27m-manylinux2010_i686.whl", hash = "sha256:e2b4e33fea2ce9d3a14ea39191b169e41eb2ac995274f54ac8fd27519974bce8"},
    {file = "reportlab-3.5.59-cp27-cp27m-manylinux2010_x86_64.whl", hash = "sha256:b1b20208ecdfffd7ca027955c4fe8972b28b30a4b3b80cf25099a08d3b20ed7c"},
    {file = "reportlab-3.5.59-cp27-cp27m-win32.whl", hash = "sha256:5ed00894e0f8281c0b7c0494b4d3067c641fd90c8e5cf933089ec4cc9a48e491"},
    {file = "reportlab-3.5.59-cp27-cp27m-win_amd64.whl", hash = "sha256:85650446538cd2f606ca234634142a7ccd74cb6db7cfec250f76a4242e0f2431"},
    {file = "reportlab-3.5.59-cp27-cp27mu-manylinux1_i686.whl", hash = "sha256:79d63ca40231ca3860859b39a92daa5219035ba9553da89a5e1b218550744121"},
    {file = "reportlab-3.5.59-cp27-cp27mu-manylinux1_x86_64.whl", hash = "sha256:a0c377bc45e73c3f15f55d7de69fab270d174749d5b454ab0de502b15430ec2a"},
    {file = "reportlab-3.5.59-cp27-cp27mu-manylinux2010_i686.whl", hash = "sha256:cfa854bea525f8c913cb77e2bda724d94b965a0eb3bcfc4a645a9baa29bb86e2"},
    {file = "reportlab-3.5.59-cp27-cp27mu-manylinux2010_x86_64.whl", hash = "sha256:3d7713dddaa8081ed709a1fa2456a43f6a74b0f07d605da8441fd53fef334f69"},
    {file = "reportlab-3.5.59-cp36-cp36m-macosx_10_10_x86_64.whl", hash = "sha256:ff547cf4c1de7e104cad1a378431ff81efcb03e90e40871ee686107da5b91442"},
    {file = "reportlab-3.5.59-cp36-cp36m-manylinux1_i686.whl", hash = "sha256:19353aead39fc115a4d6c598d6fb9fa26da7e69160a0443ebb49b02903e704e8"},
    {file = "reportlab-3.5.59-cp36-cp36m-manylinux1_x86_64.whl", hash = "sha256:6f3ad2b1afe99c436563cd436d8693d4a12e2c4bd45f70c7705759ff7837fe53"},
    {file = "reportlab-3.5.59-cp36-cp36m-manylinux2010_i686.whl", hash = "sha256:b26d6f416891cef93411d6d478a25db275766081a5fb66368248293ef459f3be"},
    {file = "reportlab-3.5.59-cp36-cp36m-manylinux2010_x86_64.whl", hash = "sha256:dd9687359e466086b9f6fe6d8069034017f8b6ca3080944fae5709767ca6814e"},
    {file = "reportlab-3.5.59-cp36-cp36m-win32.whl", hash = "sha256:b71faf3b6e4d7058e1af1b8afedaf39a962db4a219affc8177009d8244ec10d4"},
    {file = "reportlab-3.5.59-cp36-cp36m-win_amd64.whl", hash = "sha256:4ca5233a19a5ceca23546290f43addec2345789c7d65bb32f8b2668aa148351f"},
    {file = "reportlab-3.5.59-cp37-cp37m-macosx_10_10_x86_64.whl", hash = "sha256:9da445cb79e3f740756924c053edc952cde11a65ff5af8acfda3c0a1317136ef"},
    {file = "reportlab-3.5.59-cp37-cp37m-manylinux1_i686.whl", hash = "sha256:07bff6742fba612da8d1b1f783c436338c6fdc6962828159827d5ca7d2b67935"},
    {file = "reportlab-3.5.59-cp37-cp37m-manylinux1_x86_64.whl", hash = "sha256:52f8237654acbc78ea2fa6fb4a6a06e5b023b6da93f7889adfe2deba09473fad"},
    {file = "reportlab-3.5.59-cp37-cp37m-manylinux2010_i686.whl", hash = "sha256:739b743b7ca1ba4b4d64c321de6fccb49b562d0507ea06c817d9cc4faed5cd22"},
    {file = "reportlab-3.5.59-cp37-cp37m-manylinux2010_x86_64.whl", hash = "sha256:33f3cfdc492575f8af3225701301a7e62fc478358729820c9e0091aff5831378"},
    {file = "reportlab-3.5.59-cp37-cp37m-win32.whl", hash = "sha256:3e2b4d69763103b9dc9b54c0952dc3cee05cedd06e28c0987fad7f84705b12c0"},
    {file = "reportlab-3.5.59-cp37-cp37m-win_amd64.whl", hash = "sha256:18a876449c9000c391dd3415ebc8454cd7bb9e488977b894886a2d7d018f16cd"},
    {file = "reportlab-3.5.59-cp38-cp38-macosx_10_10_x86_64.whl", hash = "sha256:04a08d284da86882ec3a41a7c719833362ef891b09ee8e2fbb47cee352aa684a"},
    {file = "reportlab-3.5.59-cp38-cp38-manylinux1_i686.whl", hash = "sha256:83b28104edd58ad65748d2d0e60e0d97e3b91b3e90b4573ea6fe60de6811972c"},
    {file = "reportlab-3.5.59-cp38-cp38-manylinux1_x86_64.whl", hash = "sha256:9fabd5fbd24f5971085ffe53150d663f158f7d3050b25c95736e29ebf676d454"},
    {file = "reportlab-3.5.59-cp38-cp38-manylinux2010_i686.whl", hash = "sha256:b4ba4c30af7044ee987e61c88a5ffb76031ca0c53666bc85d823b7de55ddbc75"},
    {file = "reportlab-3.5.59-cp38-cp38-manylinux2010_x86_64.whl", hash = "sha256:a315edef5c5610b0c75790142f49487e89ea34397fc247ae8aa890fe6d6dd057"},
    {file = "reportlab-3.5.59-cp38-cp38-win32.whl", hash = "sha256:5214a289cf01ebbd65e49bae83709671dd9edb601891cf0ae8abf85f3c0b392f"},
    {file = "reportlab-3.5.59-cp38-cp38-win_amd64.whl", hash = "sha256:009fa61710647cdc62eb373345248d8ebb93583a058990f7c4f9be46d90aa5b1"},
    {file = "reportlab-3.5.59-cp39-cp39-macosx_10_10_x86_64.whl", hash = "sha256:09fb11ab1500e679fc1b01199d2fed24435499856e75043a9ac0d31dd48fd881"},
    {file = "reportlab-3.5.59-cp39-cp39-manylinux1_i686.whl", hash = "sha256:18eec161411026dde49767bee4e5e8eeb8014879554811a62581dc7433628d5b"},
    {file = "reportlab-3.5.59-cp39-cp39-manylinux1_x86_64.whl", hash = "sha256:a1d3f7022a920d4a5e165d264581f1862e1c1b877ceeabb96fe98cec98125ae5"},
    {file = "reportlab-3.5.59-cp39-cp39-manylinux2010_i686.whl", hash = "sha256:1b85c20e89c22ae902ca973df2afdd2d64d27dc4ffd2b29ebad8c805a213756b"},
    {file = "reportlab-3.5.59-cp39-cp39-manylinux2010_x86_64.whl", hash = "sha256:de0c675fc2998a7eaa929c356ba49c84f53a892e9ab25e8ee7d8ebbbdcb2ac16"},
    {file = "reportlab-3.5.59-cp39-cp39-win32.whl", hash = "sha256:3b0026c1129147befd4e5a8cf25da8dea1096fce371e7b2412e36d7254019c06"},
    {file = "reportlab-3.5.59-cp39-cp39-win_amd64.whl", hash = "sha256:6191961533d49c9d860964d42bada4d7ac3bb28502d984feb8034093f2012fa8"},
    {file = "reportlab-3.5.59.tar.gz", hash = "sha256:a755cca2dcf023130b03bb671670301a992157d5c3151d838c0b68ef89894536"},
]
rjsmin = [
    {file = "rjsmin-1.1.0-cp27-cp27m-manylinux1_i686.whl", hash = "sha256:799890bd07a048892d8d3deb9042dbc20b7f5d0eb7da91e9483c561033b23ce2"},
    {file = "rjsmin-1.1.0-cp27-cp27m-manylinux1_x86_64.whl", hash = "sha256:211c2fe8298951663bbc02acdffbf714f6793df54bfc50e1c6c9e71b3f2559a3"},
    {file = "rjsmin-1.1.0-cp27-cp27mu-manylinux1_i686.whl", hash = "sha256:585e75a84d9199b68056fd4a083d9a61e2a92dfd10ff6d4ce5bdb04bc3bdbfaf"},
    {file = "rjsmin-1.1.0-cp27-cp27mu-manylinux1_x86_64.whl", hash = "sha256:e487a7783ac4339e79ec610b98228eb9ac72178973e3dee16eba0e3feef25924"},
    {file = "rjsmin-1.1.0-cp34-cp34m-manylinux1_i686.whl", hash = "sha256:0ab825839125eaca57cc59581d72e596e58a7a56fbc0839996b7528f0343a0a8"},
    {file = "rjsmin-1.1.0-cp34-cp34m-manylinux1_x86_64.whl", hash = "sha256:6044ca86e917cd5bb2f95e6679a4192cef812122f28ee08c677513de019629b3"},
    {file = "rjsmin-1.1.0-cp35-cp35m-manylinux1_i686.whl", hash = "sha256:ecd29f1b3e66a4c0753105baec262b331bcbceefc22fbe6f7e8bcd2067bcb4d7"},
    {file = "rjsmin-1.1.0-cp35-cp35m-manylinux1_x86_64.whl", hash = "sha256:975b69754d6a76be47c0bead12367a1ca9220d08e5393f80bab0230d4625d1f4"},
    {file = "rjsmin-1.1.0-cp36-cp36m-manylinux1_i686.whl", hash = "sha256:466fe70cc5647c7c51b3260c7e2e323a98b2b173564247f9c89e977720a0645f"},
    {file = "rjsmin-1.1.0-cp36-cp36m-manylinux1_x86_64.whl", hash = "sha256:e3908b21ebb584ce74a6ac233bdb5f29485752c9d3be5e50c5484ed74169232c"},
    {file = "rjsmin-1.1.0-cp37-cp37m-manylinux1_i686.whl", hash = "sha256:714329db774a90947e0e2086cdddb80d5e8c4ac1c70c9f92436378dedb8ae345"},
    {file = "rjsmin-1.1.0-cp37-cp37m-manylinux1_x86_64.whl", hash = "sha256:dd0f4819df4243ffe4c964995794c79ca43943b5b756de84be92b445a652fb86"},
    {file = "rjsmin-1.1.0.tar.gz", hash = "sha256:b15dc75c71f65d9493a8c7fa233fdcec823e3f1b88ad84a843ffef49b338ac32"},
]
six = [
    {file = "six-1.15.0-py2.py3-none-any.whl", hash = "sha256:8b74bedcbbbaca38ff6d7491d76f2b06b3592611af620f8426e82dddb04a5ced"},
    {file = "six-1.15.0.tar.gz", hash = "sha256:30639c035cdb23534cd4aa2dd52c3bf48f06e5f4a941509c8bafd8ce11080259"},
]
soupsieve = [
    {file = "soupsieve-2.1-py3-none-any.whl", hash = "sha256:4bb21a6ee4707bf43b61230e80740e71bfe56e55d1f1f50924b087bb2975c851"},
    {file = "soupsieve-2.1.tar.gz", hash = "sha256:6dc52924dc0bc710a5d16794e6b3480b2c7c08b07729505feab2b2c16661ff6e"},
]
sqlparse = [
    {file = "sqlparse-0.4.1-py3-none-any.whl", hash = "sha256:017cde379adbd6a1f15a61873f43e8274179378e95ef3fede90b5aa64d304ed0"},
    {file = "sqlparse-0.4.1.tar.gz", hash = "sha256:0f91fd2e829c44362cbcfab3e9ae12e22badaa8a29ad5ff599f9ec109f0454e8"},
]
webencodings = [
    {file = "webencodings-0.5.1-py2.py3-none-any.whl", hash = "sha256:a0af1213f3c2226497a97e2b3aa01a7e4bee4f403f95be16fc9acd2947514a78"},
    {file = "webencodings-0.5.1.tar.gz", hash = "sha256:b36a1c245f2d304965eb4e0a82848379241dc04b865afcc4aab16748587e1923"},
]
